
Microsoft Visual Studio Solution File, Format Version 12.00
# Visual Studio 15
VisualStudioVersion = 15.0.28307.421
MinimumVisualStudioVersion = 10.0.40219.1
Project("{FAE04EC0-301F-11D3-BF4B-00C04F79EFBC}") = "TinhDienTich", "TinhDienTich\TinhDienTich.csproj", "{B630D7C7-F81F-47D3-8590-FE0E543D9364}"
EndProject
Global
	GlobalSection(SolutionConfigurationPlatforms) = preSolution
		Debug|Any CPU = Debug|Any CPU
		Release|Any CPU = Release|Any CPU
	EndGlobalSection
	GlobalSection(ProjectConfigurationPlatforms) = postSolution
		{B630D7C7-F81F-47D3-8590-FE0E543D9364}.Debug|Any CPU.ActiveCfg = Debug|Any CPU
		{B630D7C7-F81F-47D3-8590-FE0E543D9364}.Debug|Any CPU.Build.0 = Debug|Any CPU
		{B630D7C7-F81F-47D3-8590-FE0E543D9364}.Release|Any CPU.ActiveCfg = Release|Any CPU
		{B630D7C7-F81F-47D3-8590-FE0E543D9364}.Release|Any CPU.Build.0 = Release|Any CPU
	EndGlobalSection
	GlobalSection(SolutionProperties) = preSolution
		HideSolutionNode = FALSE
	EndGlobalSection
	GlobalSection(ExtensibilityGlobals) = postSolution
		SolutionGuid = {0C6EDA24-0727-49EE-986C-59C9FF013EA1}
	EndGlobalSection
EndGlobal
