
Microsoft Visual Studio Solution File, Format Version 12.00
# Visual Studio 15
VisualStudioVersion = 15.0.28307.421
MinimumVisualStudioVersion = 10.0.40219.1
Project("{FAE04EC0-301F-11D3-BF4B-00C04F79EFBC}") = "Bai1", "Bai1\Bai1.csproj", "{D5840458-2F27-44C9-B3D5-79F23ADC5EFF}"
EndProject
Global
	GlobalSection(SolutionConfigurationPlatforms) = preSolution
		Debug|Any CPU = Debug|Any CPU
		Release|Any CPU = Release|Any CPU
	EndGlobalSection
	GlobalSection(ProjectConfigurationPlatforms) = postSolution
		{D5840458-2F27-44C9-B3D5-79F23ADC5EFF}.Debug|Any CPU.ActiveCfg = Debug|Any CPU
		{D5840458-2F27-44C9-B3D5-79F23ADC5EFF}.Debug|Any CPU.Build.0 = Debug|Any CPU
		{D5840458-2F27-44C9-B3D5-79F23ADC5EFF}.Release|Any CPU.ActiveCfg = Release|Any CPU
		{D5840458-2F27-44C9-B3D5-79F23ADC5EFF}.Release|Any CPU.Build.0 = Release|Any CPU
	EndGlobalSection
	GlobalSection(SolutionProperties) = preSolution
		HideSolutionNode = FALSE
	EndGlobalSection
	GlobalSection(ExtensibilityGlobals) = postSolution
		SolutionGuid = {BE21D3D5-9F9A-405E-9E46-51154D955E6D}
	EndGlobalSection
EndGlobal
