
Microsoft Visual Studio Solution File, Format Version 12.00
# Visual Studio 15
VisualStudioVersion = 15.0.28307.421
MinimumVisualStudioVersion = 10.0.40219.1
Project("{FAE04EC0-301F-11D3-BF4B-00C04F79EFBC}") = "Bai3", "Bai3\Bai3.csproj", "{F28F7294-0CC9-4EF5-9B56-64459D4DA0A8}"
EndProject
Global
	GlobalSection(SolutionConfigurationPlatforms) = preSolution
		Debug|Any CPU = Debug|Any CPU
		Release|Any CPU = Release|Any CPU
	EndGlobalSection
	GlobalSection(ProjectConfigurationPlatforms) = postSolution
		{F28F7294-0CC9-4EF5-9B56-64459D4DA0A8}.Debug|Any CPU.ActiveCfg = Debug|Any CPU
		{F28F7294-0CC9-4EF5-9B56-64459D4DA0A8}.Debug|Any CPU.Build.0 = Debug|Any CPU
		{F28F7294-0CC9-4EF5-9B56-64459D4DA0A8}.Release|Any CPU.ActiveCfg = Release|Any CPU
		{F28F7294-0CC9-4EF5-9B56-64459D4DA0A8}.Release|Any CPU.Build.0 = Release|Any CPU
	EndGlobalSection
	GlobalSection(SolutionProperties) = preSolution
		HideSolutionNode = FALSE
	EndGlobalSection
	GlobalSection(ExtensibilityGlobals) = postSolution
		SolutionGuid = {449C928C-4C92-4E31-BD12-6DAF6B0CCAA5}
	EndGlobalSection
EndGlobal
