
Microsoft Visual Studio Solution File, Format Version 12.00
# Visual Studio 15
VisualStudioVersion = 15.0.28307.421
MinimumVisualStudioVersion = 10.0.40219.1
Project("{FAE04EC0-301F-11D3-BF4B-00C04F79EFBC}") = "Bai1", "Bai1\Bai1.csproj", "{25044EAC-F6BC-48BE-BB5E-41BD1C2890A8}"
EndProject
Global
	GlobalSection(SolutionConfigurationPlatforms) = preSolution
		Debug|Any CPU = Debug|Any CPU
		Release|Any CPU = Release|Any CPU
	EndGlobalSection
	GlobalSection(ProjectConfigurationPlatforms) = postSolution
		{25044EAC-F6BC-48BE-BB5E-41BD1C2890A8}.Debug|Any CPU.ActiveCfg = Debug|Any CPU
		{25044EAC-F6BC-48BE-BB5E-41BD1C2890A8}.Debug|Any CPU.Build.0 = Debug|Any CPU
		{25044EAC-F6BC-48BE-BB5E-41BD1C2890A8}.Release|Any CPU.ActiveCfg = Release|Any CPU
		{25044EAC-F6BC-48BE-BB5E-41BD1C2890A8}.Release|Any CPU.Build.0 = Release|Any CPU
	EndGlobalSection
	GlobalSection(SolutionProperties) = preSolution
		HideSolutionNode = FALSE
	EndGlobalSection
	GlobalSection(ExtensibilityGlobals) = postSolution
		SolutionGuid = {EFE927C9-FD67-4CEA-AB63-D7B79901B70D}
	EndGlobalSection
EndGlobal
