
Microsoft Visual Studio Solution File, Format Version 12.00
# Visual Studio 15
VisualStudioVersion = 15.0.28307.421
MinimumVisualStudioVersion = 10.0.40219.1
Project("{FAE04EC0-301F-11D3-BF4B-00C04F79EFBC}") = "PhuongTrinhBac1", "PhuongTrinhBac1\PhuongTrinhBac1.csproj", "{8D30180C-4CE5-4850-9D3F-8B9B28C32D20}"
EndProject
Global
	GlobalSection(SolutionConfigurationPlatforms) = preSolution
		Debug|Any CPU = Debug|Any CPU
		Release|Any CPU = Release|Any CPU
	EndGlobalSection
	GlobalSection(ProjectConfigurationPlatforms) = postSolution
		{8D30180C-4CE5-4850-9D3F-8B9B28C32D20}.Debug|Any CPU.ActiveCfg = Debug|Any CPU
		{8D30180C-4CE5-4850-9D3F-8B9B28C32D20}.Debug|Any CPU.Build.0 = Debug|Any CPU
		{8D30180C-4CE5-4850-9D3F-8B9B28C32D20}.Release|Any CPU.ActiveCfg = Release|Any CPU
		{8D30180C-4CE5-4850-9D3F-8B9B28C32D20}.Release|Any CPU.Build.0 = Release|Any CPU
	EndGlobalSection
	GlobalSection(SolutionProperties) = preSolution
		HideSolutionNode = FALSE
	EndGlobalSection
	GlobalSection(ExtensibilityGlobals) = postSolution
		SolutionGuid = {C0ACA896-32DA-4277-8C91-EF2EDC7F8FD3}
	EndGlobalSection
EndGlobal
